<?xml version="1.0" encoding="utf-8"?>
<Project ToolsVersion="4.0" xmlns="http://schemas.microsoft.com/developer/msbuild/2003">
  <ItemGroup>
    <Filter Include="Resources">
      <UniqueIdentifier>{67DA6AB6-F800-4c08-8B7A-83BB121AAD01}</UniqueIdentifier>
      <Extensions>rc;ico;cur;bmp;dlg;rc2;rct;bin;rgs;gif;jpg;jpeg;jpe;resx;tiff;tif;png;wav;mfcribbon-ms</Extensions>
    </Filter>
    <Filter Include="Documents">
      <UniqueIdentifier>{41f93295-bbce-4d4c-b942-4515c11b357d}</UniqueIdentifier>
      <Extensions>md;txt;pdf</Extensions>
    </Filter>
    <Filter Include="Include">
      <UniqueIdentifier>{93995380-89BD-4b04-88EB-625FBE52EBFB}</UniqueIdentifier>
      <Extensions>
      </Extensions>
    </Filter>
    <Filter Include="Source">
      <UniqueIdentifier>{4FC737F1-C7A5-4376-A066-2A32D752A2FF}</UniqueIdentifier>
      <Extensions>cpp;c;cc;cxx;def;odl;idl;hpj;bat;asm;asmx;h;hh;hpp;hxx;hm;inl;inc;ipp;xsd</Extensions>
    </Filter>
  </ItemGroup>
  <ItemGroup>
    <ClInclude Include="build\include\wavpack.h">
      <Filter>Include</Filter>
    </ClInclude>
  </ItemGroup>
  <ItemGroup>
    <ClCompile Include="build\src\common_utils.c">
      <Filter>Source</Filter>
    </ClCompile>
    <ClCompile Include="build\src\decorr_utils.c">
      <Filter>Source</Filter>
    </ClCompile>
    <ClCompile Include="build\src\entropy_utils.c">
      <Filter>Source</Filter>
    </ClCompile>
    <ClCompile Include="build\src\extra1.c">
      <Filter>Source</Filter>
    </ClCompile>
    <ClCompile Include="build\src\extra2.c">
      <Filter>Source</Filter>
    </ClCompile>
    <ClCompile Include="build\src\open_filename.c">
      <Filter>Source</Filter>
    </ClCompile>
    <ClCompile Include="build\src\open_legacy.c">
      <Filter>Source</Filter>
    </ClCompile>
    <ClCompile Include="build\src\open_raw.c">
      <Filter>Source</Filter>
    </ClCompile>
    <ClCompile Include="build\src\open_utils.c">
      <Filter>Source</Filter>
    </ClCompile>
    <ClCompile Include="build\src\pack.c">
      <Filter>Source</Filter>
    </ClCompile>
    <ClCompile Include="build\src\pack_dns.c">
      <Filter>Source</Filter>
    </ClCompile>
    <ClCompile Include="build\src\pack_dsd.c">
      <Filter>Source</Filter>
    </ClCompile>
    <ClCompile Include="build\src\pack_floats.c">
      <Filter>Source</Filter>
    </ClCompile>
    <ClCompile Include="build\src\pack_utils.c">
      <Filter>Source</Filter>
    </ClCompile>
    <ClCompile Include="build\src\read_words.c">
      <Filter>Source</Filter>
    </ClCompile>
    <ClCompile Include="build\src\tag_utils.c">
      <Filter>Source</Filter>
    </ClCompile>
    <ClCompile Include="build\src\tags.c">
      <Filter>Source</Filter>
    </ClCompile>
    <ClCompile Include="build\src\unpack.c">
      <Filter>Source</Filter>
    </ClCompile>
    <ClCompile Include="build\src\unpack_dsd.c">
      <Filter>Source</Filter>
    </ClCompile>
    <ClCompile Include="build\src\unpack_floats.c">
      <Filter>Source</Filter>
    </ClCompile>
    <ClCompile Include="build\src\unpack_seek.c">
      <Filter>Source</Filter>
    </ClCompile>
    <ClCompile Include="build\src\unpack_utils.c">
      <Filter>Source</Filter>
    </ClCompile>
    <ClCompile Include="build\src\unpack3.c">
      <Filter>Source</Filter>
    </ClCompile>
    <ClCompile Include="build\src\unpack3_open.c">
      <Filter>Source</Filter>
    </ClCompile>
    <ClCompile Include="build\src\unpack3_seek.c">
      <Filter>Source</Filter>
    </ClCompile>
    <ClCompile Include="build\src\write_words.c">
      <Filter>Source</Filter>
    </ClCompile>
  </ItemGroup>
</Project>